
Microsoft Visual Studio Solution File, Format Version 12.00
# Visual Studio Version 17
VisualStudioVersion = 17.9.34622.214
MinimumVisualStudioVersion = 10.0.40219.1
Project("{FAE04EC0-301F-11D3-BF4B-00C04F79EFBC}") = "OnlineExaminationSystems.API", "OnlineExaminationSystems.API\OnlineExaminationSystems.API.csproj", "{9E07DE3C-7302-435D-A080-9071C42B1732}"
EndProject
Project("{FAE04EC0-301F-11D3-BF4B-00C04F79EFBC}") = "OnlineExaminationSystems.UI", "OnlineExaminationSystems.UI\OnlineExaminationSystems.UI.csproj", "{5340A152-0CA2-4F3B-AE6A-098B4612736C}"
EndProject
Global
	GlobalSection(SolutionConfigurationPlatforms) = preSolution
		Debug|Any CPU = Debug|Any CPU
		Release|Any CPU = Release|Any CPU
	EndGlobalSection
	GlobalSection(ProjectConfigurationPlatforms) = postSolution
		{9E07DE3C-7302-435D-A080-9071C42B1732}.Debug|Any CPU.ActiveCfg = Debug|Any CPU
		{9E07DE3C-7302-435D-A080-9071C42B1732}.Debug|Any CPU.Build.0 = Debug|Any CPU
		{9E07DE3C-7302-435D-A080-9071C42B1732}.Release|Any CPU.ActiveCfg = Release|Any CPU
		{9E07DE3C-7302-435D-A080-9071C42B1732}.Release|Any CPU.Build.0 = Release|Any CPU
		{5340A152-0CA2-4F3B-AE6A-098B4612736C}.Debug|Any CPU.ActiveCfg = Debug|Any CPU
		{5340A152-0CA2-4F3B-AE6A-098B4612736C}.Debug|Any CPU.Build.0 = Debug|Any CPU
		{5340A152-0CA2-4F3B-AE6A-098B4612736C}.Release|Any CPU.ActiveCfg = Release|Any CPU
		{5340A152-0CA2-4F3B-AE6A-098B4612736C}.Release|Any CPU.Build.0 = Release|Any CPU
	EndGlobalSection
	GlobalSection(SolutionProperties) = preSolution
		HideSolutionNode = FALSE
	EndGlobalSection
	GlobalSection(ExtensibilityGlobals) = postSolution
		SolutionGuid = {015E5C91-CFA8-451C-AE93-6EC5BE70F0FE}
	EndGlobalSection
EndGlobal
